
Microsoft Visual Studio Solution File, Format Version 12.00
# Visual Studio Version 17
VisualStudioVersion = 17.0.31903.59
MinimumVisualStudioVersion = 10.0.40219.1
Project("{FAE04EC0-301F-11D3-BF4B-00C04F79EFBC}") = "Core", "Core\Core.csproj", "{1CF789AC-B90A-4663-BC17-AEBE75D10531}"
EndProject
Project("{FAE04EC0-301F-11D3-BF4B-00C04F79EFBC}") = "Test", "Test\Test.csproj", "{165829B1-45B7-44C7-86C3-3A66AAE19443}"
EndProject
Project("{FAE04EC0-301F-11D3-BF4B-00C04F79EFBC}") = "ConsoleUI", "ConsoleUI\ConsoleUI.csproj", "{FD5CBE4B-E927-4834-B4CA-96A865639D77}"
EndProject
Project("{FAE04EC0-301F-11D3-BF4B-00C04F79EFBC}") = "GraphicUI", "GraphicUI\GraphicUI.csproj", "{CC1B1F79-F1E9-400A-965D-4B9CEC6927FE}"
EndProject
Global
	GlobalSection(SolutionProperties) = preSolution
		HideSolutionNode = FALSE
	EndGlobalSection
	GlobalSection(SolutionConfigurationPlatforms) = preSolution
		Debug|Any CPU = Debug|Any CPU
		Debug|x64 = Debug|x64
		Debug|x86 = Debug|x86
		Release|Any CPU = Release|Any CPU
		Release|x64 = Release|x64
		Release|x86 = Release|x86
	EndGlobalSection
	GlobalSection(ProjectConfigurationPlatforms) = postSolution
		{1CF789AC-B90A-4663-BC17-AEBE75D10531}.Debug|Any CPU.ActiveCfg = Debug|Any CPU
		{1CF789AC-B90A-4663-BC17-AEBE75D10531}.Debug|Any CPU.Build.0 = Debug|Any CPU
		{1CF789AC-B90A-4663-BC17-AEBE75D10531}.Debug|x64.ActiveCfg = Debug|Any CPU
		{1CF789AC-B90A-4663-BC17-AEBE75D10531}.Debug|x64.Build.0 = Debug|Any CPU
		{1CF789AC-B90A-4663-BC17-AEBE75D10531}.Debug|x86.ActiveCfg = Debug|Any CPU
		{1CF789AC-B90A-4663-BC17-AEBE75D10531}.Debug|x86.Build.0 = Debug|Any CPU
		{1CF789AC-B90A-4663-BC17-AEBE75D10531}.Release|Any CPU.ActiveCfg = Release|Any CPU
		{1CF789AC-B90A-4663-BC17-AEBE75D10531}.Release|Any CPU.Build.0 = Release|Any CPU
		{1CF789AC-B90A-4663-BC17-AEBE75D10531}.Release|x64.ActiveCfg = Release|Any CPU
		{1CF789AC-B90A-4663-BC17-AEBE75D10531}.Release|x64.Build.0 = Release|Any CPU
		{1CF789AC-B90A-4663-BC17-AEBE75D10531}.Release|x86.ActiveCfg = Release|Any CPU
		{1CF789AC-B90A-4663-BC17-AEBE75D10531}.Release|x86.Build.0 = Release|Any CPU
		{165829B1-45B7-44C7-86C3-3A66AAE19443}.Debug|Any CPU.ActiveCfg = Debug|Any CPU
		{165829B1-45B7-44C7-86C3-3A66AAE19443}.Debug|Any CPU.Build.0 = Debug|Any CPU
		{165829B1-45B7-44C7-86C3-3A66AAE19443}.Debug|x64.ActiveCfg = Debug|Any CPU
		{165829B1-45B7-44C7-86C3-3A66AAE19443}.Debug|x64.Build.0 = Debug|Any CPU
		{165829B1-45B7-44C7-86C3-3A66AAE19443}.Debug|x86.ActiveCfg = Debug|Any CPU
		{165829B1-45B7-44C7-86C3-3A66AAE19443}.Debug|x86.Build.0 = Debug|Any CPU
		{165829B1-45B7-44C7-86C3-3A66AAE19443}.Release|Any CPU.ActiveCfg = Release|Any CPU
		{165829B1-45B7-44C7-86C3-3A66AAE19443}.Release|Any CPU.Build.0 = Release|Any CPU
		{165829B1-45B7-44C7-86C3-3A66AAE19443}.Release|x64.ActiveCfg = Release|Any CPU
		{165829B1-45B7-44C7-86C3-3A66AAE19443}.Release|x64.Build.0 = Release|Any CPU
		{165829B1-45B7-44C7-86C3-3A66AAE19443}.Release|x86.ActiveCfg = Release|Any CPU
		{165829B1-45B7-44C7-86C3-3A66AAE19443}.Release|x86.Build.0 = Release|Any CPU
		{FD5CBE4B-E927-4834-B4CA-96A865639D77}.Debug|Any CPU.ActiveCfg = Debug|Any CPU
		{FD5CBE4B-E927-4834-B4CA-96A865639D77}.Debug|Any CPU.Build.0 = Debug|Any CPU
		{FD5CBE4B-E927-4834-B4CA-96A865639D77}.Debug|x64.ActiveCfg = Debug|Any CPU
		{FD5CBE4B-E927-4834-B4CA-96A865639D77}.Debug|x64.Build.0 = Debug|Any CPU
		{FD5CBE4B-E927-4834-B4CA-96A865639D77}.Debug|x86.ActiveCfg = Debug|Any CPU
		{FD5CBE4B-E927-4834-B4CA-96A865639D77}.Debug|x86.Build.0 = Debug|Any CPU
		{FD5CBE4B-E927-4834-B4CA-96A865639D77}.Release|Any CPU.ActiveCfg = Release|Any CPU
		{FD5CBE4B-E927-4834-B4CA-96A865639D77}.Release|Any CPU.Build.0 = Release|Any CPU
		{FD5CBE4B-E927-4834-B4CA-96A865639D77}.Release|x64.ActiveCfg = Release|Any CPU
		{FD5CBE4B-E927-4834-B4CA-96A865639D77}.Release|x64.Build.0 = Release|Any CPU
		{FD5CBE4B-E927-4834-B4CA-96A865639D77}.Release|x86.ActiveCfg = Release|Any CPU
		{FD5CBE4B-E927-4834-B4CA-96A865639D77}.Release|x86.Build.0 = Release|Any CPU
		{CC1B1F79-F1E9-400A-965D-4B9CEC6927FE}.Debug|Any CPU.ActiveCfg = Debug|Any CPU
		{CC1B1F79-F1E9-400A-965D-4B9CEC6927FE}.Debug|Any CPU.Build.0 = Debug|Any CPU
		{CC1B1F79-F1E9-400A-965D-4B9CEC6927FE}.Debug|x64.ActiveCfg = Debug|Any CPU
		{CC1B1F79-F1E9-400A-965D-4B9CEC6927FE}.Debug|x64.Build.0 = Debug|Any CPU
		{CC1B1F79-F1E9-400A-965D-4B9CEC6927FE}.Debug|x86.ActiveCfg = Debug|Any CPU
		{CC1B1F79-F1E9-400A-965D-4B9CEC6927FE}.Debug|x86.Build.0 = Debug|Any CPU
		{CC1B1F79-F1E9-400A-965D-4B9CEC6927FE}.Release|Any CPU.ActiveCfg = Release|Any CPU
		{CC1B1F79-F1E9-400A-965D-4B9CEC6927FE}.Release|Any CPU.Build.0 = Release|Any CPU
		{CC1B1F79-F1E9-400A-965D-4B9CEC6927FE}.Release|x64.ActiveCfg = Release|Any CPU
		{CC1B1F79-F1E9-400A-965D-4B9CEC6927FE}.Release|x64.Build.0 = Release|Any CPU
		{CC1B1F79-F1E9-400A-965D-4B9CEC6927FE}.Release|x86.ActiveCfg = Release|Any CPU
		{CC1B1F79-F1E9-400A-965D-4B9CEC6927FE}.Release|x86.Build.0 = Release|Any CPU
	EndGlobalSection
EndGlobal
